// !$*UTF8*$!
{
	archiveVersion = 1;
	classes = {
	};
	objectVersion = 46;
	objects = {

/* Begin PBXBuildFile section */
		CEC6649C198C472000DDD269 /* AppDelegate.swift in Sources */ = {isa = PBXBuildFile; fileRef = CEC6649B198C472000DDD269 /* AppDelegate.swift */; };
		CEC6649E198C472000DDD269 /* GameScene.sks in Resources */ = {isa = PBXBuildFile; fileRef = CEC6649D198C472000DDD269 /* GameScene.sks */; };
		CEC664A0198C472000DDD269 /* GameScene.swift in Sources */ = {isa = PBXBuildFile; fileRef = CEC6649F198C472000DDD269 /* GameScene.swift */; };
		CEC664A2198C472000DDD269 /* GameViewController.swift in Sources */ = {isa = PBXBuildFile; fileRef = CEC664A1198C472000DDD269 /* GameViewController.swift */; };
		CEC664A5198C472000DDD269 /* Main.storyboard in Resources */ = {isa = PBXBuildFile; fileRef = CEC664A3198C472000DDD269 /* Main.storyboard */; };
		CEC664A7198C472000DDD269 /* Images.xcassets in Resources */ = {isa = PBXBuildFile; fileRef = CEC664A6198C472000DDD269 /* Images.xcassets */; };
		CEC664B3198C472000DDD269 /* SpriteKitSimpleGameTests.swift in Sources */ = {isa = PBXBuildFile; fileRef = CEC664B2198C472000DDD269 /* SpriteKitSimpleGameTests.swift */; };
		CEC664C1198C488E00DDD269 /* background-music-aac.caf in Resources */ = {isa = PBXBuildFile; fileRef = CEC664BE198C488E00DDD269 /* background-music-aac.caf */; };
		CEC664C2198C488E00DDD269 /* pew-pew-lei.caf in Resources */ = {isa = PBXBuildFile; fileRef = CEC664BF198C488E00DDD269 /* pew-pew-lei.caf */; };
/* End PBXBuildFile section */

/* Begin PBXContainerItemProxy section */
		CEC664AD198C472000DDD269 /* PBXContainerItemProxy */ = {
			isa = PBXContainerItemProxy;
			containerPortal = CEC6648E198C472000DDD269 /* Project object */;
			proxyType = 1;
			remoteGlobalIDString = CEC66495198C472000DDD269;
			remoteInfo = SpriteKitSimpleGame;
		};
/* End PBXContainerItemProxy section */

/* Begin PBXFileReference section */
		CEC66496198C472000DDD269 /* SpriteKitSimpleGame.app */ = {isa = PBXFileReference; explicitFileType = wrapper.application; includeInIndex = 0; path = SpriteKitSimpleGame.app; sourceTree = BUILT_PRODUCTS_DIR; };
		CEC6649A198C472000DDD269 /* Info.plist */ = {isa = PBXFileReference; lastKnownFileType = text.plist.xml; path = Info.plist; sourceTree = "<group>"; };
		CEC6649B198C472000DDD269 /* AppDelegate.swift */ = {isa = PBXFileReference; lastKnownFileType = sourcecode.swift; path = AppDelegate.swift; sourceTree = "<group>"; };
		CEC6649D198C472000DDD269 /* GameScene.sks */ = {isa = PBXFileReference; lastKnownFileType = file.sks; path = GameScene.sks; sourceTree = "<group>"; };
		CEC6649F198C472000DDD269 /* GameScene.swift */ = {isa = PBXFileReference; lastKnownFileType = sourcecode.swift; path = GameScene.swift; sourceTree = "<group>"; };
		CEC664A1198C472000DDD269 /* GameViewController.swift */ = {isa = PBXFileReference; lastKnownFileType = sourcecode.swift; path = GameViewController.swift; sourceTree = "<group>"; };
		CEC664A4198C472000DDD269 /* Base */ = {isa = PBXFileReference; lastKnownFileType = file.storyboard; name = Base; path = Base.lproj/Main.storyboard; sourceTree = "<group>"; };
		CEC664A6198C472000DDD269 /* Images.xcassets */ = {isa = PBXFileReference; lastKnownFileType = folder.assetcatalog; path = Images.xcassets; sourceTree = "<group>"; };
		CEC664AC198C472000DDD269 /* SpriteKitSimpleGameTests.xctest */ = {isa = PBXFileReference; explicitFileType = wrapper.cfbundle; includeInIndex = 0; path = SpriteKitSimpleGameTests.xctest; sourceTree = BUILT_PRODUCTS_DIR; };
		CEC664B1198C472000DDD269 /* Info.plist */ = {isa = PBXFileReference; lastKnownFileType = text.plist.xml; path = Info.plist; sourceTree = "<group>"; };
		CEC664B2198C472000DDD269 /* SpriteKitSimpleGameTests.swift */ = {isa = PBXFileReference; lastKnownFileType = sourcecode.swift; path = SpriteKitSimpleGameTests.swift; sourceTree = "<group>"; };
		CEC664BE198C488E00DDD269 /* background-music-aac.caf */ = {isa = PBXFileReference; lastKnownFileType = file; path = "background-music-aac.caf"; sourceTree = "<group>"; };
		CEC664BF198C488E00DDD269 /* pew-pew-lei.caf */ = {isa = PBXFileReference; lastKnownFileType = file; path = "pew-pew-lei.caf"; sourceTree = "<group>"; };
/* End PBXFileReference section */

/* Begin PBXFrameworksBuildPhase section */
		CEC66493198C472000DDD269 /* Frameworks */ = {
			isa = PBXFrameworksBuildPhase;
			buildActionMask = 2147483647;
			files = (
			);
			runOnlyForDeploymentPostprocessing = 0;
		};
		CEC664A9198C472000DDD269 /* Frameworks */ = {
			isa = PBXFrameworksBuildPhase;
			buildActionMask = 2147483647;
			files = (
			);
			runOnlyForDeploymentPostprocessing = 0;
		};
/* End PBXFrameworksBuildPhase section */

/* Begin PBXGroup section */
		CEC6648D198C472000DDD269 = {
			isa = PBXGroup;
			children = (
				CEC66498198C472000DDD269 /* SpriteKitSimpleGame */,
				CEC664AF198C472000DDD269 /* SpriteKitSimpleGameTests */,
				CEC66497198C472000DDD269 /* Products */,
			);
			sourceTree = "<group>";
		};
		CEC66497198C472000DDD269 /* Products */ = {
			isa = PBXGroup;
			children = (
				CEC66496198C472000DDD269 /* SpriteKitSimpleGame.app */,
				CEC664AC198C472000DDD269 /* SpriteKitSimpleGameTests.xctest */,
			);
			name = Products;
			sourceTree = "<group>";
		};
		CEC66498198C472000DDD269 /* SpriteKitSimpleGame */ = {
			isa = PBXGroup;
			children = (
				CEC6649B198C472000DDD269 /* AppDelegate.swift */,
				CEC6649D198C472000DDD269 /* GameScene.sks */,
				CEC6649F198C472000DDD269 /* GameScene.swift */,
				CEC664A1198C472000DDD269 /* GameViewController.swift */,
				CEC664A3198C472000DDD269 /* Main.storyboard */,
				CEC664A6198C472000DDD269 /* Images.xcassets */,
				CEC664BC198C488E00DDD269 /* SpriteKitSimpleGameResources */,
				CEC66499198C472000DDD269 /* Supporting Files */,
			);
			path = SpriteKitSimpleGame;
			sourceTree = "<group>";
		};
		CEC66499198C472000DDD269 /* Supporting Files */ = {
			isa = PBXGroup;
			children = (
				CEC6649A198C472000DDD269 /* Info.plist */,
			);
			name = "Supporting Files";
			sourceTree = "<group>";
		};
		CEC664AF198C472000DDD269 /* SpriteKitSimpleGameTests */ = {
			isa = PBXGroup;
			children = (
				CEC664B2198C472000DDD269 /* SpriteKitSimpleGameTests.swift */,
				CEC664B0198C472000DDD269 /* Supporting Files */,
			);
			path = SpriteKitSimpleGameTests;
			sourceTree = "<group>";
		};
		CEC664B0198C472000DDD269 /* Supporting Files */ = {
			isa = PBXGroup;
			children = (
				CEC664B1198C472000DDD269 /* Info.plist */,
			);
			name = "Supporting Files";
			sourceTree = "<group>";
		};
		CEC664BC198C488E00DDD269 /* SpriteKitSimpleGameResources */ = {
			isa = PBXGroup;
			children = (
				CEC664BD198C488E00DDD269 /* Sounds */,
			);
			path = SpriteKitSimpleGameResources;
			sourceTree = "<group>";
		};
		CEC664BD198C488E00DDD269 /* Sounds */ = {
			isa = PBXGroup;
			children = (
				CEC664BE198C488E00DDD269 /* background-music-aac.caf */,
				CEC664BF198C488E00DDD269 /* pew-pew-lei.caf */,
			);
			path = Sounds;
			sourceTree = "<group>";
		};
/* End PBXGroup section */

/* Begin PBXNativeTarget section */
		CEC66495198C472000DDD269 /* SpriteKitSimpleGame */ = {
			isa = PBXNativeTarget;
			buildConfigurationList = CEC664B6198C472000DDD269 /* Build configuration list for PBXNativeTarget "SpriteKitSimpleGame" */;
			buildPhases = (
				CEC66492198C472000DDD269 /* Sources */,
				CEC66493198C472000DDD269 /* Frameworks */,
				CEC66494198C472000DDD269 /* Resources */,
			);
			buildRules = (
			);
			dependencies = (
			);
			name = SpriteKitSimpleGame;
			productName = SpriteKitSimpleGame;
			productReference = CEC66496198C472000DDD269 /* SpriteKitSimpleGame.app */;
			productType = "com.apple.product-type.application";
		};
		CEC664AB198C472000DDD269 /* SpriteKitSimpleGameTests */ = {
			isa = PBXNativeTarget;
			buildConfigurationList = CEC664B9198C472000DDD269 /* Build configuration list for PBXNativeTarget "SpriteKitSimpleGameTests" */;
			buildPhases = (
				CEC664A8198C472000DDD269 /* Sources */,
				CEC664A9198C472000DDD269 /* Frameworks */,
				CEC664AA198C472000DDD269 /* Resources */,
			);
			buildRules = (
			);
			dependencies = (
				CEC664AE198C472000DDD269 /* PBXTargetDependency */,
			);
			name = SpriteKitSimpleGameTests;
			productName = SpriteKitSimpleGameTests;
			productReference = CEC664AC198C472000DDD269 /* SpriteKitSimpleGameTests.xctest */;
			productType = "com.apple.product-type.bundle.unit-test";
		};
/* End PBXNativeTarget section */

/* Begin PBXProject section */
		CEC6648E198C472000DDD269 /* Project object */ = {
			isa = PBXProject;
			attributes = {
				LastUpgradeCheck = 0600;
				ORGANIZATIONNAME = CraigGrummitt;
				TargetAttributes = {
					CEC66495198C472000DDD269 = {
						CreatedOnToolsVersion = 6.0;
					};
					CEC664AB198C472000DDD269 = {
						CreatedOnToolsVersion = 6.0;
						TestTargetID = CEC66495198C472000DDD269;
					};
				};
			};
			buildConfigurationList = CEC66491198C472000DDD269 /* Build configuration list for PBXProject "SpriteKitSimpleGame" */;
			compatibilityVersion = "Xcode 3.2";
			developmentRegion = English;
			hasScannedForEncodings = 0;
			knownRegions = (
				en,
				Base,
			);
			mainGroup = CEC6648D198C472000DDD269;
			productRefGroup = CEC66497198C472000DDD269 /* Products */;
			projectDirPath = "";
			projectRoot = "";
			targets = (
				CEC66495198C472000DDD269 /* SpriteKitSimpleGame */,
				CEC664AB198C472000DDD269 /* SpriteKitSimpleGameTests */,
			);
		};
/* End PBXProject section */

/* Begin PBXResourcesBuildPhase section */
		CEC66494198C472000DDD269 /* Resources */ = {
			isa = PBXResourcesBuildPhase;
			buildActionMask = 2147483647;
			files = (
				CEC664C1198C488E00DDD269 /* background-music-aac.caf in Resources */,
				CEC664A7198C472000DDD269 /* Images.xcassets in Resources */,
				CEC6649E198C472000DDD269 /* GameScene.sks in Resources */,
				CEC664C2198C488E00DDD269 /* pew-pew-lei.caf in Resources */,
				CEC664A5198C472000DDD269 /* Main.storyboard in Resources */,
			);
			runOnlyForDeploymentPostprocessing = 0;
		};
		CEC664AA198C472000DDD269 /* Resources */ = {
			isa = PBXResourcesBuildPhase;
			buildActionMask = 2147483647;
			files = (
			);
			runOnlyForDeploymentPostprocessing = 0;
		};
/* End PBXResourcesBuildPhase section */

/* Begin PBXSourcesBuildPhase section */
		CEC66492198C472000DDD269 /* Sources */ = {
			isa = PBXSourcesBuildPhase;
			buildActionMask = 2147483647;
			files = (
				CEC664A0198C472000DDD269 /* GameScene.swift in Sources */,
				CEC664A2198C472000DDD269 /* GameViewController.swift in Sources */,
				CEC6649C198C472000DDD269 /* AppDelegate.swift in Sources */,
			);
			runOnlyForDeploymentPostprocessing = 0;
		};
		CEC664A8198C472000DDD269 /* Sources */ = {
			isa = PBXSourcesBuildPhase;
			buildActionMask = 2147483647;
			files = (
				CEC664B3198C472000DDD269 /* SpriteKitSimpleGameTests.swift in Sources */,
			);
			runOnlyForDeploymentPostprocessing = 0;
		};
/* End PBXSourcesBuildPhase section */

/* Begin PBXTargetDependency section */
		CEC664AE198C472000DDD269 /* PBXTargetDependency */ = {
			isa = PBXTargetDependency;
			target = CEC66495198C472000DDD269 /* SpriteKitSimpleGame */;
			targetProxy = CEC664AD198C472000DDD269 /* PBXContainerItemProxy */;
		};
/* End PBXTargetDependency section */

/* Begin PBXVariantGroup section */
		CEC664A3198C472000DDD269 /* Main.storyboard */ = {
			isa = PBXVariantGroup;
			children = (
				CEC664A4198C472000DDD269 /* Base */,
			);
			name = Main.storyboard;
			sourceTree = "<group>";
		};
/* End PBXVariantGroup section */

/* Begin XCBuildConfiguration section */
		CEC664B4198C472000DDD269 /* Debug */ = {
			isa = XCBuildConfiguration;
			buildSettings = {
				ALWAYS_SEARCH_USER_PATHS = NO;
				CLANG_CXX_LANGUAGE_STANDARD = "gnu++0x";
				CLANG_CXX_LIBRARY = "libc++";
				CLANG_ENABLE_MODULES = YES;
				CLANG_ENABLE_OBJC_ARC = YES;
				CLANG_WARN_BOOL_CONVERSION = YES;
				CLANG_WARN_CONSTANT_CONVERSION = YES;
				CLANG_WARN_DIRECT_OBJC_ISA_USAGE = YES_ERROR;
				CLANG_WARN_EMPTY_BODY = YES;
				CLANG_WARN_ENUM_CONVERSION = YES;
				CLANG_WARN_INT_CONVERSION = YES;
				CLANG_WARN_OBJC_ROOT_CLASS = YES_ERROR;
				CLANG_WARN_UNREACHABLE_CODE = YES;
				CLANG_WARN__DUPLICATE_METHOD_MATCH = YES;
				"CODE_SIGN_IDENTITY[sdk=iphoneos*]" = "iPhone Developer";
				COPY_PHASE_STRIP = NO;
				ENABLE_STRICT_OBJC_MSGSEND = YES;
				GCC_C_LANGUAGE_STANDARD = gnu99;
				GCC_DYNAMIC_NO_PIC = NO;
				GCC_OPTIMIZATION_LEVEL = 0;
				GCC_PREPROCESSOR_DEFINITIONS = (
					"DEBUG=1",
					"$(inherited)",
				);
				GCC_SYMBOLS_PRIVATE_EXTERN = NO;
				GCC_WARN_64_TO_32_BIT_CONVERSION = YES;
				GCC_WARN_ABOUT_RETURN_TYPE = YES_ERROR;
				GCC_WARN_UNDECLARED_SELECTOR = YES;
				GCC_WARN_UNINITIALIZED_AUTOS = YES_AGGRESSIVE;
				GCC_WARN_UNUSED_FUNCTION = YES;
				GCC_WARN_UNUSED_VARIABLE = YES;
				IPHONEOS_DEPLOYMENT_TARGET = 8.0;
				MTL_ENABLE_DEBUG_INFO = YES;
				ONLY_ACTIVE_ARCH = YES;
				SDKROOT = iphoneos;
				SWIFT_OPTIMIZATION_LEVEL = "-Onone";
				TARGETED_DEVICE_FAMILY = "1,2";
			};
			name = Debug;
		};
		CEC664B5198C472000DDD269 /* Release */ = {
			isa = XCBuildConfiguration;
			buildSettings = {
				ALWAYS_SEARCH_USER_PATHS = NO;
				CLANG_CXX_LANGUAGE_STANDARD = "gnu++0x";
				CLANG_CXX_LIBRARY = "libc++";
				CLANG_ENABLE_MODULES = YES;
				CLANG_ENABLE_OBJC_ARC = YES;
				CLANG_WARN_BOOL_CONVERSION = YES;
				CLANG_WARN_CONSTANT_CONVERSION = YES;
				CLANG_WARN_DIRECT_OBJC_ISA_USAGE = YES_ERROR;
				CLANG_WARN_EMPTY_BODY = YES;
				CLANG_WARN_ENUM_CONVERSION = YES;
				CLANG_WARN_INT_CONVERSION = YES;
				CLANG_WARN_OBJC_ROOT_CLASS = YES_ERROR;
				CLANG_WARN_UNREACHABLE_CODE = YES;
				CLANG_WARN__DUPLICATE_METHOD_MATCH = YES;
				"CODE_SIGN_IDENTITY[sdk=iphoneos*]" = "iPhone Developer";
				COPY_PHASE_STRIP = YES;
				ENABLE_NS_ASSERTIONS = NO;
				ENABLE_STRICT_OBJC_MSGSEND = YES;
				GCC_C_LANGUAGE_STANDARD = gnu99;
				GCC_WARN_64_TO_32_BIT_CONVERSION = YES;
				GCC_WARN_ABOUT_RETURN_TYPE = YES_ERROR;
				GCC_WARN_UNDECLARED_SELECTOR = YES;
				GCC_WARN_UNINITIALIZED_AUTOS = YES_AGGRESSIVE;
				GCC_WARN_UNUSED_FUNCTION = YES;
				GCC_WARN_UNUSED_VARIABLE = YES;
				IPHONEOS_DEPLOYMENT_TARGET = 8.0;
				MTL_ENABLE_DEBUG_INFO = NO;
				SDKROOT = iphoneos;
				TARGETED_DEVICE_FAMILY = "1,2";
				VALIDATE_PRODUCT = YES;
			};
			name = Release;
		};
		CEC664B7198C472000DDD269 /* Debug */ = {
			isa = XCBuildConfiguration;
			buildSettings = {
				ASSETCATALOG_COMPILER_APPICON_NAME = AppIcon;
				ASSETCATALOG_COMPILER_LAUNCHIMAGE_NAME = LaunchImage;
				INFOPLIST_FILE = SpriteKitSimpleGame/Info.plist;
				LD_RUNPATH_SEARCH_PATHS = "$(inherited) @executable_path/Frameworks";
				PRODUCT_NAME = "$(TARGET_NAME)";
			};
			name = Debug;
		};
		CEC664B8198C472000DDD269 /* Release */ = {
			isa = XCBuildConfiguration;
			buildSettings = {
				ASSETCATALOG_COMPILER_APPICON_NAME = AppIcon;
				ASSETCATALOG_COMPILER_LAUNCHIMAGE_NAME = LaunchImage;
				INFOPLIST_FILE = SpriteKitSimpleGame/Info.plist;
				LD_RUNPATH_SEARCH_PATHS = "$(inherited) @executable_path/Frameworks";
				PRODUCT_NAME = "$(TARGET_NAME)";
			};
			name = Release;
		};
		CEC664BA198C472000DDD269 /* Debug */ = {
			isa = XCBuildConfiguration;
			buildSettings = {
				BUNDLE_LOADER = "$(BUILT_PRODUCTS_DIR)/SpriteKitSimpleGame.app/SpriteKitSimpleGame";
				FRAMEWORK_SEARCH_PATHS = (
					"$(SDKROOT)/Developer/Library/Frameworks",
					"$(inherited)",
				);
				GCC_PREPROCESSOR_DEFINITIONS = (
					"DEBUG=1",
					"$(inherited)",
				);
				INFOPLIST_FILE = SpriteKitSimpleGameTests/Info.plist;
				LD_RUNPATH_SEARCH_PATHS = "$(inherited) @executable_path/Frameworks @loader_path/Frameworks";
				PRODUCT_NAME = "$(TARGET_NAME)";
				TEST_HOST = "$(BUNDLE_LOADER)";
			};
			name = Debug;
		};
		CEC664BB198C472000DDD269 /* Release */ = {
			isa = XCBuildConfiguration;
			buildSettings = {
				BUNDLE_LOADER = "$(BUILT_PRODUCTS_DIR)/SpriteKitSimpleGame.app/SpriteKitSimpleGame";
				FRAMEWORK_SEARCH_PATHS = (
					"$(SDKROOT)/Developer/Library/Frameworks",
					"$(inherited)",
				);
				INFOPLIST_FILE = SpriteKitSimpleGameTests/Info.plist;
				LD_RUNPATH_SEARCH_PATHS = "$(inherited) @executable_path/Frameworks @loader_path/Frameworks";
				PRODUCT_NAME = "$(TARGET_NAME)";
				TEST_HOST = "$(BUNDLE_LOADER)";
			};
			name = Release;
		};
/* End XCBuildConfiguration section */

/* Begin XCConfigurationList section */
		CEC66491198C472000DDD269 /* Build configuration list for PBXProject "SpriteKitSimpleGame" */ = {
			isa = XCConfigurationList;
			buildConfigurations = (
				CEC664B4198C472000DDD269 /* Debug */,
				CEC664B5198C472000DDD269 /* Release */,
			);
			defaultConfigurationIsVisible = 0;
			defaultConfigurationName = Release;
		};
		CEC664B6198C472000DDD269 /* Build configuration list for PBXNativeTarget "SpriteKitSimpleGame" */ = {
			isa = XCConfigurationList;
			buildConfigurations = (
				CEC664B7198C472000DDD269 /* Debug */,
				CEC664B8198C472000DDD269 /* Release */,
			);
			defaultConfigurationIsVisible = 0;
		};
		CEC664B9198C472000DDD269 /* Build configuration list for PBXNativeTarget "SpriteKitSimpleGameTests" */ = {
			isa = XCConfigurationList;
			buildConfigurations = (
				CEC664BA198C472000DDD269 /* Debug */,
				CEC664BB198C472000DDD269 /* Release */,
			);
			defaultConfigurationIsVisible = 0;
		};
/* End XCConfigurationList section */
	};
	rootObject = CEC6648E198C472000DDD269 /* Project object */;
}
